{
  "nodes": {
    "nixpkgs": {
      "locked": {
        "lastModified": 1747744144,
        "narHash": "sha256-W7lqHp0qZiENCDwUZ5EX/lNhxjMdNapFnbErcbnP11Q=",
        "owner": "NixOS",
        "repo": "nixpkgs",
        "rev": "2795c506fe8fb7b03c36ccb51f75b6df0ab2553f",
        "type": "github"
      },
      "original": {
        "owner": "NixOS",
        "ref": "nixos-unstable",
        "repo": "nixpkgs",
        "type": "github"
      }
    },
    "odri-masterboard-sdk": {
      "inputs": {
        "nixpkgs": [
          "nixpkgs"
        ]
      },
      "locked": {
        "lastModified": 1747834160,
        "narHash": "sha256-kGuOVVdsljajM9oj3/GxJqH4kFGmDtBobbXr8UzV2MU=",
        "ref": "nix",
        "rev": "3eeae6ac8e1a336384c30648a969216f65103030",
        "revCount": 575,
        "type": "git",
        "url": "https://github.com/gwennlbh/master-board"
      },
      "original": {
        "ref": "nix",
        "type": "git",
        "url": "https://github.com/gwennlbh/master-board"
      }
    },
    "root": {
      "inputs": {
        "nixpkgs": "nixpkgs",
        "odri-masterboard-sdk": "odri-masterboard-sdk"
      }
    }
  },
  "root": "root",
  "version": 7
}
