{
  "nodes": {
    "nixpkgs": {
      "locked": {
        "lastModified": 1747744144,
        "narHash": "sha256-W7lqHp0qZiENCDwUZ5EX/lNhxjMdNapFnbErcbnP11Q=",
        "owner": "NixOS",
        "repo": "nixpkgs",
        "rev": "2795c506fe8fb7b03c36ccb51f75b6df0ab2553f",
        "type": "github"
      },
      "original": {
        "owner": "NixOS",
        "ref": "nixos-unstable",
        "repo": "nixpkgs",
        "type": "github"
      }
    },
    "odri-masterboard-sdk": {
      "inputs": {
        "nixpkgs": [
          "nixpkgs"
        ]
      },
      "locked": {
        "lastModified": 1747835945,
        "narHash": "sha256-QZwTtRTJEsEBVWFHtAaZgTYrxGEMWzUNp3hCiHEttqU=",
        "ref": "nix",
        "rev": "d5d6105f8db1770cd07fdde300c4c008e36de818",
        "revCount": 576,
        "type": "git",
        "url": "https://github.com/gwennlbh/master-board"
      },
      "original": {
        "ref": "nix",
        "rev": "d5d6105f8db1770cd07fdde300c4c008e36de818",
        "type": "git",
        "url": "https://github.com/gwennlbh/master-board"
      }
    },
    "root": {
      "inputs": {
        "nixpkgs": "nixpkgs",
        "odri-masterboard-sdk": "odri-masterboard-sdk",
        "utils": "utils"
      }
    },
    "utils": {
      "locked": {
        "lastModified": 1747841438,
        "narHash": "sha256-+Qsp1GQZFqXUU+QgPpq+GfwyfDMnclxcMXdDDfHEOeM=",
        "owner": "Gepetto",
        "repo": "nix-lib",
        "rev": "f48e2ef19e6aa2c87612b714b07507c4adaa71e2",
        "type": "github"
      },
      "original": {
        "owner": "Gepetto",
        "repo": "nix-lib",
        "type": "github"
      }
    }
  },
  "root": "root",
  "version": 7
}
